<?xml version="1.0" encoding="UTF-8" standalone="yes" ?>
<CodeBlocks_project_file>
	<FileVersion major="1" minor="6" />
	<Project>
		<Option title="parser" />
		<Option pch_mode="2" />
		<Option compiler="gcc" />
		<Build>
			<Target title="Debug">
				<Option output="lwpdebug" prefix_auto="1" extension_auto="1" />
				<Option object_output="obj/Debug/" />
				<Option type="1" />
				<Option compiler="gcc" />
				<Option parameters="-c lwp-config.json" />
				<Compiler>
					<Add option="-g" />
					<Add directory="../../lw" />
					<Add directory="../test" />
					<Add directory="../../lib" />
					<Add directory="../../lib/libloragw/inc" />
				</Compiler>
			</Target>
			<Target title="Release">
				<Option output="lwp" prefix_auto="1" extension_auto="1" />
				<Option object_output="obj/Release/" />
				<Option type="1" />
				<Option compiler="gcc" />
				<Compiler>
					<Add option="-O2" />
					<Add directory="../../lw" />
					<Add directory="../../lib" />
					<Add directory="../../lib/libloragw/inc" />
				</Compiler>
				<Linker>
					<Add option="-s" />
				</Linker>
			</Target>
		</Build>
		<Compiler>
			<Add option="-Wall" />
		</Compiler>
		<Unit filename="../../lib/aes.c">
			<Option compilerVar="CC" />
		</Unit>
		<Unit filename="../../lib/aes.h" />
		<Unit filename="../../lib/base64.c">
			<Option compilerVar="CC" />
		</Unit>
		<Unit filename="../../lib/base64.h" />
		<Unit filename="../../lib/cmac.c">
			<Option compilerVar="CC" />
		</Unit>
		<Unit filename="../../lib/cmac.h" />
		<Unit filename="../../lib/log.c">
			<Option compilerVar="CC" />
		</Unit>
		<Unit filename="../../lib/log.h" />
		<Unit filename="../../lib/parson.c">
			<Option compilerVar="CC" />
		</Unit>
		<Unit filename="../../lib/parson.h" />
		<Unit filename="../../lib/str2hex.c">
			<Option compilerVar="CC" />
		</Unit>
		<Unit filename="../../lib/str2hex.h" />
		<Unit filename="../../lw/lw-log.c">
			<Option compilerVar="CC" />
		</Unit>
		<Unit filename="../../lw/lw-log.h" />
		<Unit filename="../../lw/lw-macro.h" />
		<Unit filename="../../lw/lw.c">
			<Option compilerVar="CC" />
		</Unit>
		<Unit filename="../../lw/lw.h" />
		<Unit filename="app.c">
			<Option compilerVar="CC" />
		</Unit>
		<Unit filename="app.h" />
		<Unit filename="conf.c">
			<Option compilerVar="CC" />
		</Unit>
		<Unit filename="conf.h" />
		<Unit filename="main.c">
			<Option compilerVar="CC" />
		</Unit>
		<Extensions>
			<code_completion />
			<envvars />
			<debugger />
			<lib_finder disable_auto="1" />
		</Extensions>
	</Project>
</CodeBlocks_project_file>
